<?xml version="1.0" encoding="utf-8"?>
<Project ToolsVersion="4.0" xmlns="http://schemas.microsoft.com/developer/msbuild/2003">
  <ItemGroup>
    <ClCompile Include="..\src\main.cpp" />
    <ClCompile Include="..\src\ExecutorManager.cpp">
      <Filter>src</Filter>
    </ClCompile>
    <ClCompile Include="..\src\Executor.cpp">
      <Filter>src</Filter>
    </ClCompile>
    <ClCompile Include="..\src\TaskManager.cpp">
      <Filter>src</Filter>
    </ClCompile>
    <ClCompile Include="..\src\Task.cpp">
      <Filter>src</Filter>
    </ClCompile>
    <ClCompile Include="..\src\Error.cpp">
      <Filter>src</Filter>
    </ClCompile>
    <ClCompile Include="..\src\ExecutorTaskDescripter.cpp">
      <Filter>src</Filter>
    </ClCompile>
    <ClCompile Include="..\src\TaskDescripter.cpp">
      <Filter>src</Filter>
    </ClCompile>
  </ItemGroup>
  <ItemGroup>
    <Filter Include="include">
      <UniqueIdentifier>{3f233346-5a9b-4663-8008-d72911e889d3}</UniqueIdentifier>
    </Filter>
    <Filter Include="message">
      <UniqueIdentifier>{aed24557-7774-4b3b-b8b0-f76eb16d1ec7}</UniqueIdentifier>
    </Filter>
    <Filter Include="src">
      <UniqueIdentifier>{d0177160-f59f-4294-a89a-df104ca54213}</UniqueIdentifier>
    </Filter>
    <Filter Include="http">
      <UniqueIdentifier>{5431587c-a7df-429b-8a1a-6efcc8f8579c}</UniqueIdentifier>
    </Filter>
    <Filter Include="task">
      <UniqueIdentifier>{b4197080-de1f-45b2-bb47-5c5426c0f5ce}</UniqueIdentifier>
    </Filter>
  </ItemGroup>
  <ItemGroup>
    <ClInclude Include="..\include\ExecutorManager.h">
      <Filter>include</Filter>
    </ClInclude>
    <ClInclude Include="..\include\Executor.h">
      <Filter>include</Filter>
    </ClInclude>
    <ClInclude Include="..\include\maraton-server.h">
      <Filter>include</Filter>
    </ClInclude>
    <ClInclude Include="..\http\HTTPMessageHandler.hpp">
      <Filter>http</Filter>
    </ClInclude>
    <ClInclude Include="..\http\HTTPMessageExecutorListHandler.hpp">
      <Filter>http</Filter>
    </ClInclude>
    <ClInclude Include="..\http\HTTPMessageTaskListHandler.hpp">
      <Filter>http</Filter>
    </ClInclude>
    <ClInclude Include="..\http\HTTPDispatcher.hpp">
      <Filter>http</Filter>
    </ClInclude>
    <ClInclude Include="..\http\HTTPMessageRootHandler.hpp">
      <Filter>http</Filter>
    </ClInclude>
    <ClInclude Include="..\include\TaskManager.h">
      <Filter>include</Filter>
    </ClInclude>
    <ClInclude Include="..\message\HTTPMessageCommand.hpp">
      <Filter>message</Filter>
    </ClInclude>
    <ClInclude Include="..\message\HTTPMessageCommandHandler.hpp">
      <Filter>message</Filter>
    </ClInclude>
    <ClInclude Include="..\message\HTTPMessageResult.hpp">
      <Filter>message</Filter>
    </ClInclude>
    <ClInclude Include="..\message\HTTPMessageResultHandler.hpp">
      <Filter>message</Filter>
    </ClInclude>
    <ClInclude Include="..\message\HTTPMessageTaskStart.hpp">
      <Filter>message</Filter>
    </ClInclude>
    <ClInclude Include="..\message\HTTPMessageTaskStartHandler.hpp">
      <Filter>message</Filter>
    </ClInclude>
    <ClInclude Include="..\message\MessageAbilityQuery.hpp">
      <Filter>message</Filter>
    </ClInclude>
    <ClInclude Include="..\message\MessageAbilityQueryACK.hpp">
      <Filter>message</Filter>
    </ClInclude>
    <ClInclude Include="..\message\MessageAbilityQueryACKHandler.hpp">
      <Filter>message</Filter>
    </ClInclude>
    <ClInclude Include="..\message\MessageAbilityQueryHandler.hpp">
      <Filter>message</Filter>
    </ClInclude>
    <ClInclude Include="..\message\MessageCommand.hpp">
      <Filter>message</Filter>
    </ClInclude>
    <ClInclude Include="..\message\MessageCommandHandler.hpp">
      <Filter>message</Filter>
    </ClInclude>
    <ClInclude Include="..\message\MessageExceptionReport.hpp">
      <Filter>message</Filter>
    </ClInclude>
    <ClInclude Include="..\message\MessageExceptionReportHandler.hpp">
      <Filter>message</Filter>
    </ClInclude>
    <ClInclude Include="..\message\MessageGreeting.hpp">
      <Filter>message</Filter>
    </ClInclude>
    <ClInclude Include="..\message\MessageGreetingHandler.hpp">
      <Filter>message</Filter>
    </ClInclude>
    <ClInclude Include="..\message\MessageHeartBeat.hpp">
      <Filter>message</Filter>
    </ClInclude>
    <ClInclude Include="..\message\MessageHeartBeatHandler.hpp">
      <Filter>message</Filter>
    </ClInclude>
    <ClInclude Include="..\message\MessageIntro.hpp">
      <Filter>message</Filter>
    </ClInclude>
    <ClInclude Include="..\message\MessageIntroHandler.hpp">
      <Filter>message</Filter>
    </ClInclude>
    <ClInclude Include="..\message\MessageResourcesQuery.hpp">
      <Filter>message</Filter>
    </ClInclude>
    <ClInclude Include="..\message\MessageResourcesQueryACK.hpp">
      <Filter>message</Filter>
    </ClInclude>
    <ClInclude Include="..\message\MessageResourcesQueryACKHandler.hpp">
      <Filter>message</Filter>
    </ClInclude>
    <ClInclude Include="..\message\MessageResourcesQueryHandler.hpp">
      <Filter>message</Filter>
    </ClInclude>
    <ClInclude Include="..\message\MessagesHandler.hpp">
      <Filter>message</Filter>
    </ClInclude>
    <ClInclude Include="..\message\MessageStatusReport.hpp">
      <Filter>message</Filter>
    </ClInclude>
    <ClInclude Include="..\message\MessageStatusReportHandler.hpp">
      <Filter>message</Filter>
    </ClInclude>
    <ClInclude Include="..\message\MessageTaskCancel.hpp">
      <Filter>message</Filter>
    </ClInclude>
    <ClInclude Include="..\message\MessageTaskCancelHandler.hpp">
      <Filter>message</Filter>
    </ClInclude>
    <ClInclude Include="..\message\MessageTaskContinue.hpp">
      <Filter>message</Filter>
    </ClInclude>
    <ClInclude Include="..\message\MessageTaskContinueHandler.hpp">
      <Filter>message</Filter>
    </ClInclude>
    <ClInclude Include="..\message\MessageTaskDeliver.hpp">
      <Filter>message</Filter>
    </ClInclude>
    <ClInclude Include="..\message\MessageTaskDeliverACK.hpp">
      <Filter>message</Filter>
    </ClInclude>
    <ClInclude Include="..\message\MessageTaskDeliverACKHandler.hpp">
      <Filter>message</Filter>
    </ClInclude>
    <ClInclude Include="..\message\MessageTaskDeliverHandler.hpp">
      <Filter>message</Filter>
    </ClInclude>
    <ClInclude Include="..\message\MessageTaskPause.hpp">
      <Filter>message</Filter>
    </ClInclude>
    <ClInclude Include="..\message\MessageTaskPauseHandler.hpp">
      <Filter>message</Filter>
    </ClInclude>
    <ClInclude Include="..\message\MessageTaskQuery.hpp">
      <Filter>message</Filter>
    </ClInclude>
    <ClInclude Include="..\message\MessageTaskQueryACK.hpp">
      <Filter>message</Filter>
    </ClInclude>
    <ClInclude Include="..\message\MessageTaskQueryACKHandler.hpp">
      <Filter>message</Filter>
    </ClInclude>
    <ClInclude Include="..\message\MessageTaskQueryHandler.hpp">
      <Filter>message</Filter>
    </ClInclude>
    <ClInclude Include="..\message\MessageTaskRestart.hpp">
      <Filter>message</Filter>
    </ClInclude>
    <ClInclude Include="..\message\MessageTaskRestartHandler.hpp">
      <Filter>message</Filter>
    </ClInclude>
    <ClInclude Include="..\message\HTTPMessageListExecutor.hpp">
      <Filter>message</Filter>
    </ClInclude>
    <ClInclude Include="..\message\HTTPMessageListExecutorHandler.hpp">
      <Filter>message</Filter>
    </ClInclude>
    <ClInclude Include="..\message\HTTPMessageTaskList.hpp">
      <Filter>message</Filter>
    </ClInclude>
    <ClInclude Include="..\message\HTTPMessageTaskListHandler.hpp">
      <Filter>message</Filter>
    </ClInclude>
    <ClInclude Include="..\message\MessageTaskResult.hpp">
      <Filter>message</Filter>
    </ClInclude>
    <ClInclude Include="..\message\MessageTaskResultHandler.hpp">
      <Filter>message</Filter>
    </ClInclude>
    <ClInclude Include="..\message\HTTPMessageTaskStop.hpp">
      <Filter>message</Filter>
    </ClInclude>
    <ClInclude Include="..\message\HTTPMessageTaskStopHandler.hpp">
      <Filter>message</Filter>
    </ClInclude>
    <ClInclude Include="..\include\Task.h">
      <Filter>include</Filter>
    </ClInclude>
    <ClInclude Include="..\include\Error.h">
      <Filter>include</Filter>
    </ClInclude>
    <ClInclude Include="..\include\ExecutorTaskDescripter.h">
      <Filter>include</Filter>
    </ClInclude>
    <ClInclude Include="..\include\TaskDescripter.h">
      <Filter>include</Filter>
    </ClInclude>
    <ClInclude Include="..\message\MessageTaskProgress.hpp">
      <Filter>message</Filter>
    </ClInclude>
    <ClInclude Include="..\message\MessageTaskProgressHandler.hpp">
      <Filter>message</Filter>
    </ClInclude>
  </ItemGroup>
</Project>